
Microsoft Visual Studio Solution File, Format Version 12.00
# Visual Studio 15
VisualStudioVersion = 15.0.27703.2035
MinimumVisualStudioVersion = 10.0.40219.1
Project("{FAE04EC0-301F-11D3-BF4B-00C04F79EFBC}") = "BLL", "BLL\BLL.csproj", "{1B361A5C-0CFD-4ADD-A005-75E8ADE9FE81}"
EndProject
Project("{FAE04EC0-301F-11D3-BF4B-00C04F79EFBC}") = "Dal", "Dal\Dal.csproj", "{121E36A3-0273-49F3-825B-B7DD74BC4505}"
EndProject
Project("{FAE04EC0-301F-11D3-BF4B-00C04F79EFBC}") = "WebApi_Sulam", "WebApi_Sulam\WebApi_Sulam.csproj", "{F1D79C75-417B-4B0E-914B-1CA68D6EFB95}"
EndProject
Global
	GlobalSection(SolutionConfigurationPlatforms) = preSolution
		Debug|Any CPU = Debug|Any CPU
		Release|Any CPU = Release|Any CPU
	EndGlobalSection
	GlobalSection(ProjectConfigurationPlatforms) = postSolution
		{1B361A5C-0CFD-4ADD-A005-75E8ADE9FE81}.Debug|Any CPU.ActiveCfg = Debug|Any CPU
		{1B361A5C-0CFD-4ADD-A005-75E8ADE9FE81}.Debug|Any CPU.Build.0 = Debug|Any CPU
		{1B361A5C-0CFD-4ADD-A005-75E8ADE9FE81}.Release|Any CPU.ActiveCfg = Release|Any CPU
		{1B361A5C-0CFD-4ADD-A005-75E8ADE9FE81}.Release|Any CPU.Build.0 = Release|Any CPU
		{121E36A3-0273-49F3-825B-B7DD74BC4505}.Debug|Any CPU.ActiveCfg = Debug|Any CPU
		{121E36A3-0273-49F3-825B-B7DD74BC4505}.Debug|Any CPU.Build.0 = Debug|Any CPU
		{121E36A3-0273-49F3-825B-B7DD74BC4505}.Release|Any CPU.ActiveCfg = Release|Any CPU
		{121E36A3-0273-49F3-825B-B7DD74BC4505}.Release|Any CPU.Build.0 = Release|Any CPU
		{F1D79C75-417B-4B0E-914B-1CA68D6EFB95}.Debug|Any CPU.ActiveCfg = Debug|Any CPU
		{F1D79C75-417B-4B0E-914B-1CA68D6EFB95}.Debug|Any CPU.Build.0 = Debug|Any CPU
		{F1D79C75-417B-4B0E-914B-1CA68D6EFB95}.Release|Any CPU.ActiveCfg = Release|Any CPU
		{F1D79C75-417B-4B0E-914B-1CA68D6EFB95}.Release|Any CPU.Build.0 = Release|Any CPU
	EndGlobalSection
	GlobalSection(SolutionProperties) = preSolution
		HideSolutionNode = FALSE
	EndGlobalSection
	GlobalSection(ExtensibilityGlobals) = postSolution
		SolutionGuid = {B7D86FB9-90DE-43F7-9D00-7B8947DD11D6}
	EndGlobalSection
EndGlobal
